<?xml version="1.0" encoding="utf-8"?>
<Project ToolsVersion="4.0" xmlns="http://schemas.microsoft.com/developer/msbuild/2003">
  <ItemGroup>
    <Filter Include="Source Files">
      <UniqueIdentifier>{4FC737F1-C7A5-4376-A066-2A32D752A2FF}</UniqueIdentifier>
      <Extensions>cpp;c;cc;cxx;def;odl;idl;hpj;bat;asm;asmx</Extensions>
    </Filter>
    <Filter Include="Header Files">
      <UniqueIdentifier>{93995380-89BD-4b04-88EB-625FBE52EBFB}</UniqueIdentifier>
      <Extensions>h;hh;hpp;hxx;hm;inl;inc;xsd</Extensions>
    </Filter>
    <Filter Include="Resource Files">
      <UniqueIdentifier>{D9D6E242-F8AF-46E4-B9FD-80ECBC20BA3E}</UniqueIdentifier>
      <Extensions>qrc;*</Extensions>
      <ParseFiles>false</ParseFiles>
    </Filter>
    <Filter Include="Form Files">
      <UniqueIdentifier>{99349809-55BA-4b9d-BF79-8FDBB0286EB3}</UniqueIdentifier>
      <Extensions>ui</Extensions>
    </Filter>
    <Filter Include="Resource Files">
      <UniqueIdentifier>{D9D6E242-F8AF-46E4-B9FD-80ECBC20BA3E}</UniqueIdentifier>
      <Extensions>qrc;*</Extensions>
      <ParseFiles>false</ParseFiles>
    </Filter>
    <Filter Include="Generated Files">
      <UniqueIdentifier>{71ED8ED8-ACB9-4CE9-BBE1-E00B30144E11}</UniqueIdentifier>
      <Extensions>moc;h;cpp</Extensions>
      <SourceControlFiles>False</SourceControlFiles>
    </Filter>
  </ItemGroup>
  <ItemGroup>
    <ClCompile Include="main.cpp">
      <Filter>Source Files</Filter>
    </ClCompile>
    <ClCompile Include="zkclass.cpp">
      <Filter>Source Files</Filter>
    </ClCompile>
    <ClCompile Include="zkinspector_my.cpp">
      <Filter>Source Files</Filter>
    </ClCompile>
    <ClCompile Include="Dialog.cpp">
      <Filter>Source Files</Filter>
    </ClCompile>
    <ClCompile Include="DelDia.cpp">
      <Filter>Source Files</Filter>
    </ClCompile>
    <ClCompile Include="Submit_dialog.cpp">
      <Filter>Source Files</Filter>
    </ClCompile>
    <ClCompile Include="googlesuggest.cpp">
      <Filter>Source Files</Filter>
    </ClCompile>
    <ClCompile Include="network_detect.cpp">
      <Filter>Source Files</Filter>
    </ClCompile>
    <ClCompile Include="network_detect2.cpp">
      <Filter>Source Files</Filter>
    </ClCompile>
    <ClCompile Include="connect.cpp">
      <Filter>Source Files</Filter>
    </ClCompile>
    <ClCompile Include="network_detect3.cpp">
      <Filter>Source Files</Filter>
    </ClCompile>
    <ClCompile Include="ConnectDia.cpp">
      <Filter>Source Files</Filter>
    </ClCompile>
    <ClCompile Include="network_detect4.cpp">
      <Filter>Source Files</Filter>
    </ClCompile>
  </ItemGroup>
  <ItemGroup>
    <QtMoc Include="zkinspector_my.h">
      <Filter>Header Files</Filter>
    </QtMoc>
    <QtMoc Include="Dialog.h">
      <Filter>Header Files</Filter>
    </QtMoc>
    <QtMoc Include="DelDia.h">
      <Filter>Header Files</Filter>
    </QtMoc>
    <QtMoc Include="Submit_dialog.h">
      <Filter>Header Files</Filter>
    </QtMoc>
    <QtMoc Include="googlesuggest.h">
      <Filter>Header Files</Filter>
    </QtMoc>
    <QtMoc Include="network_detect.h">
      <Filter>Header Files</Filter>
    </QtMoc>
    <QtMoc Include="network_detect2.h">
      <Filter>Header Files</Filter>
    </QtMoc>
    <QtMoc Include="network_detect3.h">
      <Filter>Header Files</Filter>
    </QtMoc>
    <QtMoc Include="ConnectDia.h">
      <Filter>Header Files</Filter>
    </QtMoc>
    <QtMoc Include="network_detect4.h">
      <Filter>Header Files</Filter>
    </QtMoc>
  </ItemGroup>
  <ItemGroup>
    <Image Include="pics\dir.png">
      <Filter>Source Files</Filter>
    </Image>
    <Image Include="pics\file.png">
      <Filter>Source Files</Filter>
    </Image>
  </ItemGroup>
  <ItemGroup>
    <QtUic Include="zkinspector_my.ui">
      <Filter>Generated Files</Filter>
    </QtUic>
    <QtUic Include="Dialog.ui">
      <Filter>Form Files</Filter>
    </QtUic>
    <QtUic Include="DelDia.ui">
      <Filter>Form Files</Filter>
    </QtUic>
    <QtUic Include="Submit_dialog.ui">
      <Filter>Form Files</Filter>
    </QtUic>
    <QtUic Include="ConnectDia.ui">
      <Filter>Form Files</Filter>
    </QtUic>
    <QtUic Include="DialogButtonBottom.ui">
      <Filter>Form Files</Filter>
    </QtUic>
  </ItemGroup>
  <ItemGroup>
    <ClInclude Include="..\zoo_my\proto.h">
      <Filter>Header Files</Filter>
    </ClInclude>
    <ClInclude Include="..\zoo_my\recordio.h">
      <Filter>Header Files</Filter>
    </ClInclude>
    <ClInclude Include="..\zoo_my\winconfig.h">
      <Filter>Header Files</Filter>
    </ClInclude>
    <ClInclude Include="..\zoo_my\zookeeper.h">
      <Filter>Header Files</Filter>
    </ClInclude>
    <ClInclude Include="..\zoo_my\zookeeper.jute.h">
      <Filter>Header Files</Filter>
    </ClInclude>
    <ClInclude Include="..\zoo_my\zookeeper_log.h">
      <Filter>Header Files</Filter>
    </ClInclude>
    <ClInclude Include="..\zoo_my\zookeeper_version.h">
      <Filter>Header Files</Filter>
    </ClInclude>
    <ClInclude Include="zkclass.h">
      <Filter>Header Files</Filter>
    </ClInclude>
    <ClInclude Include="connect.h">
      <Filter>Header Files</Filter>
    </ClInclude>
  </ItemGroup>
  <ItemGroup>
    <QtRcc Include="myResource.qrc">
      <Filter>Resource Files</Filter>
    </QtRcc>
  </ItemGroup>
</Project>